[[dependencies]]
name = "forge-std"
version = "1.16.2"
url = "https://soldeer-revisions.s3.amazonaws.com/forge-std/1_16_2_03-07-2026_07:37:45_forge-std-1.16.zip"
checksum = "405dccc9d60d753f6abc412b4adf0359f4390f65dbadbbb277a12b4946ed8969"
integrity = "5fb4325b60d7d4194bd0481e2f94398cf1d9c6561dd12a66fb2748ef4a68205f"

[[dependencies]]
name = "rain-lib-memkv"
version = "0.1.4"
url = "https://soldeer-revisions.s3.amazonaws.com/rain-lib-memkv/0_1_4_15-09-2026_09:43:54_rain.lib.zip"
checksum = "b4869efe13bff76ed2d762a5e72e532bcc1ea5e6ac5b92ad18931dfd0f62c906"
integrity = "452cd1844a0a578b994a95531d7becde0a13bb15f50fa705d101a25929ebd0b1"

[[dependencies]]
name = "rain-sol-codegen"
version = "0.1.37"
url = "https://soldeer-revisions.s3.amazonaws.com/rain-sol-codegen/0_1_37_25-08-2026_17:26:08_rain.sol.zip"
checksum = "d13ebfc9e769dcd96bf43bd5e0ff9c2894f877949ce5492ae985e70ea10f30b2"
integrity = "0044af31422ea2e98c480e61c7eba091fbe3bd72c6bc9dcddd3b7457aa6d22f4"
