[[dependencies]]
name = "forge-std"
version = "1.17.0"
url = "https://soldeer-revisions.s3.amazonaws.com/forge-std/1_17_0_01-10-2026_10:59:49_forge-std-1.17.zip"
checksum = "a77ad38d5fbef0ec10d1f4d191698e5fbaa2bffbee5d1aced91a39da5e9b908c"
integrity = "fa706c8a7caf3426c90f75e6aafa3224b0a6c899b490800cf6944e4ec42f9344"

[[dependencies]]
name = "rain-factory"
version = "0.1.30"
url = "https://soldeer-revisions.s3.amazonaws.com/rain-factory/0_1_30_21-09-2026_12:10:56_rain.zip"
checksum = "fb058ca8cc5153090a49d4885f76031b2291a87310d06417d631a2a78a105049"
integrity = "e782d94d46b3a1a762ff3fffaad11463e571a59b19df5549f575425ce3a0a3fd"

[[dependencies]]
name = "rain-lib-memkv"
version = "0.2.0"
url = "https://soldeer-revisions.s3.amazonaws.com/rain-lib-memkv/0_2_0_18-09-2026_21:06:03_rain.lib.zip"
checksum = "0c00f59f04a2f4c654c8378e66eb1a5acecc33a1cf58052c511b28d0165ce978"
integrity = "96bc0001f9e06624eb273ab18433846d2a251ed35e26eca5867d08e0b9e343c4"

[[dependencies]]
name = "rain-sol-codegen"
version = "0.1.39"
url = "https://soldeer-revisions.s3.amazonaws.com/rain-sol-codegen/0_1_39_01-10-2026_22:33:18_rain.sol.zip"
checksum = "356774c9461a4486196d4c7c59f6e6e7099aa567eff4c40bb21ebc5f752f9389"
integrity = "29de970d9b88ec2eac8a4914a04f76736862b96936aba8b5d61d99189064bbd4"
