[[dependencies]]
name = "forge-std"
version = "1.16.2"
url = "https://soldeer-revisions.s3.amazonaws.com/forge-std/1_16_2_03-07-2026_07:37:45_forge-std-1.16.zip"
checksum = "405dccc9d60d753f6abc412b4adf0359f4390f65dbadbbb277a12b4946ed8969"
integrity = "5fb4325b60d7d4194bd0481e2f94398cf1d9c6561dd12a66fb2748ef4a68205f"

[[dependencies]]
name = "rain-lib-memkv"
version = "0.1.5"
url = "https://soldeer-revisions.s3.amazonaws.com/rain-lib-memkv/0_1_5_15-09-2026_13:51:34_rain.lib.zip"
checksum = "3820351d5710366790d98727eff897e966054699df2c42221bde40b1114e2918"
integrity = "46290a43bca3f44f5cf39d1622464e0cb17a450defc7c49198140a66250a6e7c"

[[dependencies]]
name = "rain-sol-codegen"
version = "0.1.37"
url = "https://soldeer-revisions.s3.amazonaws.com/rain-sol-codegen/0_1_37_25-08-2026_17:26:08_rain.sol.zip"
checksum = "d13ebfc9e769dcd96bf43bd5e0ff9c2894f877949ce5492ae985e70ea10f30b2"
integrity = "0044af31422ea2e98c480e61c7eba091fbe3bd72c6bc9dcddd3b7457aa6d22f4"
